
Microsoft Visual Studio Solution File, Format Version 12.00
# Visual Studio Version 16
VisualStudioVersion = 16.0.809.4
MinimumVisualStudioVersion = 10.0.40219.1
Project("{FAE04EC0-301F-11D3-BF4B-00C04F79EFBC}") = "WheeFun", "WheeFun\WheeFun.csproj", "{0ED05B41-EBAF-4289-AA34-FA935D36D25E}"
EndProject
Global
	GlobalSection(SolutionConfigurationPlatforms) = preSolution
		Debug|Any CPU = Debug|Any CPU
		Release|Any CPU = Release|Any CPU
	EndGlobalSection
	GlobalSection(ProjectConfigurationPlatforms) = postSolution
		{0ED05B41-EBAF-4289-AA34-FA935D36D25E}.Debug|Any CPU.ActiveCfg = Debug|Any CPU
		{0ED05B41-EBAF-4289-AA34-FA935D36D25E}.Debug|Any CPU.Build.0 = Debug|Any CPU
		{0ED05B41-EBAF-4289-AA34-FA935D36D25E}.Release|Any CPU.ActiveCfg = Release|Any CPU
		{0ED05B41-EBAF-4289-AA34-FA935D36D25E}.Release|Any CPU.Build.0 = Release|Any CPU
	EndGlobalSection
	GlobalSection(SolutionProperties) = preSolution
		HideSolutionNode = FALSE
	EndGlobalSection
	GlobalSection(ExtensibilityGlobals) = postSolution
		SolutionGuid = {65B5D915-3782-4D97-A8C3-98F99633BC48}
	EndGlobalSection
EndGlobal
